// !$*UTF8*$!
{
	archiveVersion = 1;
	classes = {
	};
	objectVersion = 50;
	objects = {

/* Begin PBXBuildFile section */
		4E7B8081282CEB9B0051E63C /* PhotoSwiftUIApp.swift in Sources */ = {isa = PBXBuildFile; fileRef = 4E7B8080282CEB9B0051E63C /* PhotoSwiftUIApp.swift */; };
		4E7B8083282CEB9B0051E63C /* ContentView.swift in Sources */ = {isa = PBXBuildFile; fileRef = 4E7B8082282CEB9B0051E63C /* ContentView.swift */; };
		4E7B8085282CEB9C0051E63C /* Assets.xcassets in Resources */ = {isa = PBXBuildFile; fileRef = 4E7B8084282CEB9C0051E63C /* Assets.xcassets */; };
		4E7B8088282CEB9C0051E63C /* Preview Assets.xcassets in Resources */ = {isa = PBXBuildFile; fileRef = 4E7B8087282CEB9C0051E63C /* Preview Assets.xcassets */; };
		4E7B80B6282DF8E00051E63C /* PhotoRow.swift in Sources */ = {isa = PBXBuildFile; fileRef = 4E7B80B5282DF8E00051E63C /* PhotoRow.swift */; };
		4E7B80BB282DF92E0051E63C /* Photo.swift in Sources */ = {isa = PBXBuildFile; fileRef = 4E7B80BA282DF92E0051E63C /* Photo.swift */; };
		4E7B80BF282DF9520051E63C /* UrlType.swift in Sources */ = {isa = PBXBuildFile; fileRef = 4E7B80BE282DF9520051E63C /* UrlType.swift */; };
		4E7B80C2282DF9860051E63C /* User.swift in Sources */ = {isa = PBXBuildFile; fileRef = 4E7B80C1282DF9860051E63C /* User.swift */; };
		4E7B80C5282DF9C20051E63C /* DetailView.swift in Sources */ = {isa = PBXBuildFile; fileRef = 4E7B80C4282DF9C20051E63C /* DetailView.swift */; };
		4E7B80C9282DFA130051E63C /* AsyncImage.swift in Sources */ = {isa = PBXBuildFile; fileRef = 4E7B80C8282DFA130051E63C /* AsyncImage.swift */; };
		4E7B80CD282DFA420051E63C /* ImageCache.swift in Sources */ = {isa = PBXBuildFile; fileRef = 4E7B80CC282DFA420051E63C /* ImageCache.swift */; };
		4E7B80D0282DFA4D0051E63C /* EnvironmentValues+ImageCache.swift in Sources */ = {isa = PBXBuildFile; fileRef = 4E7B80CF282DFA4D0051E63C /* EnvironmentValues+ImageCache.swift */; };
		4E7B80D3282DFA5B0051E63C /* ImageLoader.swift in Sources */ = {isa = PBXBuildFile; fileRef = 4E7B80D2282DFA5B0051E63C /* ImageLoader.swift */; };
		4E7B80D6282DFA6F0051E63C /* ApiError.swift in Sources */ = {isa = PBXBuildFile; fileRef = 4E7B80D5282DFA6F0051E63C /* ApiError.swift */; };
		4E7B80D9282DFA810051E63C /* APIService.swift in Sources */ = {isa = PBXBuildFile; fileRef = 4E7B80D8282DFA810051E63C /* APIService.swift */; };
		4E7B80DD282DFAF40051E63C /* PhotoViewModel.swift in Sources */ = {isa = PBXBuildFile; fileRef = 4E7B80DC282DFAF40051E63C /* PhotoViewModel.swift */; };
		4E7B80E3282DFBF30051E63C /* LoaderView.swift in Sources */ = {isa = PBXBuildFile; fileRef = 4E7B80E2282DFBF30051E63C /* LoaderView.swift */; };
/* End PBXBuildFile section */

/* Begin PBXFileReference section */
		4E7B807D282CEB9B0051E63C /* PhotoSwiftUI.app */ = {isa = PBXFileReference; explicitFileType = wrapper.application; includeInIndex = 0; path = PhotoSwiftUI.app; sourceTree = BUILT_PRODUCTS_DIR; };
		4E7B8080282CEB9B0051E63C /* PhotoSwiftUIApp.swift */ = {isa = PBXFileReference; lastKnownFileType = sourcecode.swift; path = PhotoSwiftUIApp.swift; sourceTree = "<group>"; };
		4E7B8082282CEB9B0051E63C /* ContentView.swift */ = {isa = PBXFileReference; lastKnownFileType = sourcecode.swift; path = ContentView.swift; sourceTree = "<group>"; };
		4E7B8084282CEB9C0051E63C /* Assets.xcassets */ = {isa = PBXFileReference; lastKnownFileType = folder.assetcatalog; path = Assets.xcassets; sourceTree = "<group>"; };
		4E7B8087282CEB9C0051E63C /* Preview Assets.xcassets */ = {isa = PBXFileReference; lastKnownFileType = folder.assetcatalog; path = "Preview Assets.xcassets"; sourceTree = "<group>"; };
		4E7B8089282CEB9C0051E63C /* Info.plist */ = {isa = PBXFileReference; lastKnownFileType = text.plist.xml; path = Info.plist; sourceTree = "<group>"; };
		4E7B80B5282DF8E00051E63C /* PhotoRow.swift */ = {isa = PBXFileReference; lastKnownFileType = sourcecode.swift; path = PhotoRow.swift; sourceTree = "<group>"; };
		4E7B80BA282DF92E0051E63C /* Photo.swift */ = {isa = PBXFileReference; lastKnownFileType = sourcecode.swift; path = Photo.swift; sourceTree = "<group>"; };
		4E7B80BE282DF9520051E63C /* UrlType.swift */ = {isa = PBXFileReference; lastKnownFileType = sourcecode.swift; path = UrlType.swift; sourceTree = "<group>"; };
		4E7B80C1282DF9860051E63C /* User.swift */ = {isa = PBXFileReference; lastKnownFileType = sourcecode.swift; path = User.swift; sourceTree = "<group>"; };
		4E7B80C4282DF9C20051E63C /* DetailView.swift */ = {isa = PBXFileReference; lastKnownFileType = sourcecode.swift; path = DetailView.swift; sourceTree = "<group>"; };
		4E7B80C8282DFA130051E63C /* AsyncImage.swift */ = {isa = PBXFileReference; lastKnownFileType = sourcecode.swift; path = AsyncImage.swift; sourceTree = "<group>"; };
		4E7B80CC282DFA420051E63C /* ImageCache.swift */ = {isa = PBXFileReference; fileEncoding = 4; lastKnownFileType = sourcecode.swift; path = ImageCache.swift; sourceTree = "<group>"; };
		4E7B80CF282DFA4D0051E63C /* EnvironmentValues+ImageCache.swift */ = {isa = PBXFileReference; fileEncoding = 4; lastKnownFileType = sourcecode.swift; path = "EnvironmentValues+ImageCache.swift"; sourceTree = "<group>"; };
		4E7B80D2282DFA5B0051E63C /* ImageLoader.swift */ = {isa = PBXFileReference; fileEncoding = 4; lastKnownFileType = sourcecode.swift; path = ImageLoader.swift; sourceTree = "<group>"; };
		4E7B80D5282DFA6F0051E63C /* ApiError.swift */ = {isa = PBXFileReference; fileEncoding = 4; lastKnownFileType = sourcecode.swift; path = ApiError.swift; sourceTree = "<group>"; };
		4E7B80D8282DFA810051E63C /* APIService.swift */ = {isa = PBXFileReference; fileEncoding = 4; lastKnownFileType = sourcecode.swift; path = APIService.swift; sourceTree = "<group>"; };
		4E7B80DC282DFAF40051E63C /* PhotoViewModel.swift */ = {isa = PBXFileReference; lastKnownFileType = sourcecode.swift; path = PhotoViewModel.swift; sourceTree = "<group>"; };
		4E7B80E2282DFBF30051E63C /* LoaderView.swift */ = {isa = PBXFileReference; lastKnownFileType = sourcecode.swift; path = LoaderView.swift; sourceTree = "<group>"; };
/* End PBXFileReference section */

/* Begin PBXFrameworksBuildPhase section */
		4E7B807A282CEB9A0051E63C /* Frameworks */ = {
			isa = PBXFrameworksBuildPhase;
			buildActionMask = 2147483647;
			files = (
			);
			runOnlyForDeploymentPostprocessing = 0;
		};
/* End PBXFrameworksBuildPhase section */

/* Begin PBXGroup section */
		4E7B8074282CEB9A0051E63C = {
			isa = PBXGroup;
			children = (
				4E7B807F282CEB9B0051E63C /* PhotoSwiftUI */,
				4E7B807E282CEB9B0051E63C /* Products */,
			);
			sourceTree = "<group>";
		};
		4E7B807E282CEB9B0051E63C /* Products */ = {
			isa = PBXGroup;
			children = (
				4E7B807D282CEB9B0051E63C /* PhotoSwiftUI.app */,
			);
			name = Products;
			sourceTree = "<group>";
		};
		4E7B807F282CEB9B0051E63C /* PhotoSwiftUI */ = {
			isa = PBXGroup;
			children = (
				4E7B80DB282DFAD40051E63C /* ViewModel */,
				4E7B80C7282DF9FB0051E63C /* Network */,
				4E7B80B9282DF91E0051E63C /* Model */,
				4E7B80B4282DF8BB0051E63C /* View */,
				4E7B8084282CEB9C0051E63C /* Assets.xcassets */,
				4E7B8089282CEB9C0051E63C /* Info.plist */,
				4E7B8086282CEB9C0051E63C /* Preview Content */,
			);
			path = PhotoSwiftUI;
			sourceTree = "<group>";
		};
		4E7B8086282CEB9C0051E63C /* Preview Content */ = {
			isa = PBXGroup;
			children = (
				4E7B8087282CEB9C0051E63C /* Preview Assets.xcassets */,
			);
			path = "Preview Content";
			sourceTree = "<group>";
		};
		4E7B80B4282DF8BB0051E63C /* View */ = {
			isa = PBXGroup;
			children = (
				4E7B8080282CEB9B0051E63C /* PhotoSwiftUIApp.swift */,
				4E7B8082282CEB9B0051E63C /* ContentView.swift */,
				4E7B80B5282DF8E00051E63C /* PhotoRow.swift */,
				4E7B80C4282DF9C20051E63C /* DetailView.swift */,
				4E7B80E2282DFBF30051E63C /* LoaderView.swift */,
			);
			path = View;
			sourceTree = "<group>";
		};
		4E7B80B9282DF91E0051E63C /* Model */ = {
			isa = PBXGroup;
			children = (
				4E7B80BA282DF92E0051E63C /* Photo.swift */,
				4E7B80BE282DF9520051E63C /* UrlType.swift */,
				4E7B80C1282DF9860051E63C /* User.swift */,
			);
			path = Model;
			sourceTree = "<group>";
		};
		4E7B80C7282DF9FB0051E63C /* Network */ = {
			isa = PBXGroup;
			children = (
				4E7B80D5282DFA6F0051E63C /* ApiError.swift */,
				4E7B80D8282DFA810051E63C /* APIService.swift */,
				4E7B80C8282DFA130051E63C /* AsyncImage.swift */,
				4E7B80CF282DFA4D0051E63C /* EnvironmentValues+ImageCache.swift */,
				4E7B80D2282DFA5B0051E63C /* ImageLoader.swift */,
				4E7B80CC282DFA420051E63C /* ImageCache.swift */,
			);
			path = Network;
			sourceTree = "<group>";
		};
		4E7B80DB282DFAD40051E63C /* ViewModel */ = {
			isa = PBXGroup;
			children = (
				4E7B80DC282DFAF40051E63C /* PhotoViewModel.swift */,
			);
			path = ViewModel;
			sourceTree = "<group>";
		};
/* End PBXGroup section */

/* Begin PBXNativeTarget section */
		4E7B807C282CEB9A0051E63C /* PhotoSwiftUI */ = {
			isa = PBXNativeTarget;
			buildConfigurationList = 4E7B808C282CEB9C0051E63C /* Build configuration list for PBXNativeTarget "PhotoSwiftUI" */;
			buildPhases = (
				4E7B8079282CEB9A0051E63C /* Sources */,
				4E7B807A282CEB9A0051E63C /* Frameworks */,
				4E7B807B282CEB9A0051E63C /* Resources */,
			);
			buildRules = (
			);
			dependencies = (
			);
			name = PhotoSwiftUI;
			productName = PhotoSwiftUI;
			productReference = 4E7B807D282CEB9B0051E63C /* PhotoSwiftUI.app */;
			productType = "com.apple.product-type.application";
		};
/* End PBXNativeTarget section */

/* Begin PBXProject section */
		4E7B8075282CEB9A0051E63C /* Project object */ = {
			isa = PBXProject;
			attributes = {
				LastSwiftUpdateCheck = 1240;
				LastUpgradeCheck = 1240;
				TargetAttributes = {
					4E7B807C282CEB9A0051E63C = {
						CreatedOnToolsVersion = 12.4;
					};
				};
			};
			buildConfigurationList = 4E7B8078282CEB9A0051E63C /* Build configuration list for PBXProject "PhotoSwiftUI" */;
			compatibilityVersion = "Xcode 9.3";
			developmentRegion = en;
			hasScannedForEncodings = 0;
			knownRegions = (
				en,
				Base,
			);
			mainGroup = 4E7B8074282CEB9A0051E63C;
			productRefGroup = 4E7B807E282CEB9B0051E63C /* Products */;
			projectDirPath = "";
			projectRoot = "";
			targets = (
				4E7B807C282CEB9A0051E63C /* PhotoSwiftUI */,
			);
		};
/* End PBXProject section */

/* Begin PBXResourcesBuildPhase section */
		4E7B807B282CEB9A0051E63C /* Resources */ = {
			isa = PBXResourcesBuildPhase;
			buildActionMask = 2147483647;
			files = (
				4E7B8088282CEB9C0051E63C /* Preview Assets.xcassets in Resources */,
				4E7B8085282CEB9C0051E63C /* Assets.xcassets in Resources */,
			);
			runOnlyForDeploymentPostprocessing = 0;
		};
/* End PBXResourcesBuildPhase section */

/* Begin PBXSourcesBuildPhase section */
		4E7B8079282CEB9A0051E63C /* Sources */ = {
			isa = PBXSourcesBuildPhase;
			buildActionMask = 2147483647;
			files = (
				4E7B80BB282DF92E0051E63C /* Photo.swift in Sources */,
				4E7B80B6282DF8E00051E63C /* PhotoRow.swift in Sources */,
				4E7B80E3282DFBF30051E63C /* LoaderView.swift in Sources */,
				4E7B80C2282DF9860051E63C /* User.swift in Sources */,
				4E7B80CD282DFA420051E63C /* ImageCache.swift in Sources */,
				4E7B80D0282DFA4D0051E63C /* EnvironmentValues+ImageCache.swift in Sources */,
				4E7B80D6282DFA6F0051E63C /* ApiError.swift in Sources */,
				4E7B80D3282DFA5B0051E63C /* ImageLoader.swift in Sources */,
				4E7B80C5282DF9C20051E63C /* DetailView.swift in Sources */,
				4E7B80C9282DFA130051E63C /* AsyncImage.swift in Sources */,
				4E7B80DD282DFAF40051E63C /* PhotoViewModel.swift in Sources */,
				4E7B80D9282DFA810051E63C /* APIService.swift in Sources */,
				4E7B8083282CEB9B0051E63C /* ContentView.swift in Sources */,
				4E7B8081282CEB9B0051E63C /* PhotoSwiftUIApp.swift in Sources */,
				4E7B80BF282DF9520051E63C /* UrlType.swift in Sources */,
			);
			runOnlyForDeploymentPostprocessing = 0;
		};
/* End PBXSourcesBuildPhase section */

/* Begin XCBuildConfiguration section */
		4E7B808A282CEB9C0051E63C /* Debug */ = {
			isa = XCBuildConfiguration;
			buildSettings = {
				ALWAYS_SEARCH_USER_PATHS = NO;
				CLANG_ANALYZER_NONNULL = YES;
				CLANG_ANALYZER_NUMBER_OBJECT_CONVERSION = YES_AGGRESSIVE;
				CLANG_CXX_LANGUAGE_STANDARD = "gnu++14";
				CLANG_CXX_LIBRARY = "libc++";
				CLANG_ENABLE_MODULES = YES;
				CLANG_ENABLE_OBJC_ARC = YES;
				CLANG_ENABLE_OBJC_WEAK = YES;
				CLANG_WARN_BLOCK_CAPTURE_AUTORELEASING = YES;
				CLANG_WARN_BOOL_CONVERSION = YES;
				CLANG_WARN_COMMA = YES;
				CLANG_WARN_CONSTANT_CONVERSION = YES;
				CLANG_WARN_DEPRECATED_OBJC_IMPLEMENTATIONS = YES;
				CLANG_WARN_DIRECT_OBJC_ISA_USAGE = YES_ERROR;
				CLANG_WARN_DOCUMENTATION_COMMENTS = YES;
				CLANG_WARN_EMPTY_BODY = YES;
				CLANG_WARN_ENUM_CONVERSION = YES;
				CLANG_WARN_INFINITE_RECURSION = YES;
				CLANG_WARN_INT_CONVERSION = YES;
				CLANG_WARN_NON_LITERAL_NULL_CONVERSION = YES;
				CLANG_WARN_OBJC_IMPLICIT_RETAIN_SELF = YES;
				CLANG_WARN_OBJC_LITERAL_CONVERSION = YES;
				CLANG_WARN_OBJC_ROOT_CLASS = YES_ERROR;
				CLANG_WARN_QUOTED_INCLUDE_IN_FRAMEWORK_HEADER = YES;
				CLANG_WARN_RANGE_LOOP_ANALYSIS = YES;
				CLANG_WARN_STRICT_PROTOTYPES = YES;
				CLANG_WARN_SUSPICIOUS_MOVE = YES;
				CLANG_WARN_UNGUARDED_AVAILABILITY = YES_AGGRESSIVE;
				CLANG_WARN_UNREACHABLE_CODE = YES;
				CLANG_WARN__DUPLICATE_METHOD_MATCH = YES;
				COPY_PHASE_STRIP = NO;
				DEBUG_INFORMATION_FORMAT = dwarf;
				ENABLE_STRICT_OBJC_MSGSEND = YES;
				ENABLE_TESTABILITY = YES;
				GCC_C_LANGUAGE_STANDARD = gnu11;
				GCC_DYNAMIC_NO_PIC = NO;
				GCC_NO_COMMON_BLOCKS = YES;
				GCC_OPTIMIZATION_LEVEL = 0;
				GCC_PREPROCESSOR_DEFINITIONS = (
					"DEBUG=1",
					"$(inherited)",
				);
				GCC_WARN_64_TO_32_BIT_CONVERSION = YES;
				GCC_WARN_ABOUT_RETURN_TYPE = YES_ERROR;
				GCC_WARN_UNDECLARED_SELECTOR = YES;
				GCC_WARN_UNINITIALIZED_AUTOS = YES_AGGRESSIVE;
				GCC_WARN_UNUSED_FUNCTION = YES;
				GCC_WARN_UNUSED_VARIABLE = YES;
				IPHONEOS_DEPLOYMENT_TARGET = 14.4;
				MTL_ENABLE_DEBUG_INFO = INCLUDE_SOURCE;
				MTL_FAST_MATH = YES;
				ONLY_ACTIVE_ARCH = YES;
				SDKROOT = iphoneos;
				SWIFT_ACTIVE_COMPILATION_CONDITIONS = DEBUG;
				SWIFT_OPTIMIZATION_LEVEL = "-Onone";
			};
			name = Debug;
		};
		4E7B808B282CEB9C0051E63C /* Release */ = {
			isa = XCBuildConfiguration;
			buildSettings = {
				ALWAYS_SEARCH_USER_PATHS = NO;
				CLANG_ANALYZER_NONNULL = YES;
				CLANG_ANALYZER_NUMBER_OBJECT_CONVERSION = YES_AGGRESSIVE;
				CLANG_CXX_LANGUAGE_STANDARD = "gnu++14";
				CLANG_CXX_LIBRARY = "libc++";
				CLANG_ENABLE_MODULES = YES;
				CLANG_ENABLE_OBJC_ARC = YES;
				CLANG_ENABLE_OBJC_WEAK = YES;
				CLANG_WARN_BLOCK_CAPTURE_AUTORELEASING = YES;
				CLANG_WARN_BOOL_CONVERSION = YES;
				CLANG_WARN_COMMA = YES;
				CLANG_WARN_CONSTANT_CONVERSION = YES;
				CLANG_WARN_DEPRECATED_OBJC_IMPLEMENTATIONS = YES;
				CLANG_WARN_DIRECT_OBJC_ISA_USAGE = YES_ERROR;
				CLANG_WARN_DOCUMENTATION_COMMENTS = YES;
				CLANG_WARN_EMPTY_BODY = YES;
				CLANG_WARN_ENUM_CONVERSION = YES;
				CLANG_WARN_INFINITE_RECURSION = YES;
				CLANG_WARN_INT_CONVERSION = YES;
				CLANG_WARN_NON_LITERAL_NULL_CONVERSION = YES;
				CLANG_WARN_OBJC_IMPLICIT_RETAIN_SELF = YES;
				CLANG_WARN_OBJC_LITERAL_CONVERSION = YES;
				CLANG_WARN_OBJC_ROOT_CLASS = YES_ERROR;
				CLANG_WARN_QUOTED_INCLUDE_IN_FRAMEWORK_HEADER = YES;
				CLANG_WARN_RANGE_LOOP_ANALYSIS = YES;
				CLANG_WARN_STRICT_PROTOTYPES = YES;
				CLANG_WARN_SUSPICIOUS_MOVE = YES;
				CLANG_WARN_UNGUARDED_AVAILABILITY = YES_AGGRESSIVE;
				CLANG_WARN_UNREACHABLE_CODE = YES;
				CLANG_WARN__DUPLICATE_METHOD_MATCH = YES;
				COPY_PHASE_STRIP = NO;
				DEBUG_INFORMATION_FORMAT = "dwarf-with-dsym";
				ENABLE_NS_ASSERTIONS = NO;
				ENABLE_STRICT_OBJC_MSGSEND = YES;
				GCC_C_LANGUAGE_STANDARD = gnu11;
				GCC_NO_COMMON_BLOCKS = YES;
				GCC_WARN_64_TO_32_BIT_CONVERSION = YES;
				GCC_WARN_ABOUT_RETURN_TYPE = YES_ERROR;
				GCC_WARN_UNDECLARED_SELECTOR = YES;
				GCC_WARN_UNINITIALIZED_AUTOS = YES_AGGRESSIVE;
				GCC_WARN_UNUSED_FUNCTION = YES;
				GCC_WARN_UNUSED_VARIABLE = YES;
				IPHONEOS_DEPLOYMENT_TARGET = 14.4;
				MTL_ENABLE_DEBUG_INFO = NO;
				MTL_FAST_MATH = YES;
				SDKROOT = iphoneos;
				SWIFT_COMPILATION_MODE = wholemodule;
				SWIFT_OPTIMIZATION_LEVEL = "-O";
				VALIDATE_PRODUCT = YES;
			};
			name = Release;
		};
		4E7B808D282CEB9C0051E63C /* Debug */ = {
			isa = XCBuildConfiguration;
			buildSettings = {
				ASSETCATALOG_COMPILER_APPICON_NAME = AppIcon;
				ASSETCATALOG_COMPILER_GLOBAL_ACCENT_COLOR_NAME = AccentColor;
				CODE_SIGN_STYLE = Automatic;
				DEVELOPMENT_ASSET_PATHS = "\"PhotoSwiftUI/Preview Content\"";
				DEVELOPMENT_TEAM = 2QV62YT6WV;
				ENABLE_PREVIEWS = YES;
				INFOPLIST_FILE = PhotoSwiftUI/Info.plist;
				IPHONEOS_DEPLOYMENT_TARGET = 14.0;
				LD_RUNPATH_SEARCH_PATHS = (
					"$(inherited)",
					"@executable_path/Frameworks",
				);
				PRODUCT_BUNDLE_IDENTIFIER = VinceVillanueva.PhotoSwiftUI;
				PRODUCT_NAME = "$(TARGET_NAME)";
				SWIFT_VERSION = 5.0;
				TARGETED_DEVICE_FAMILY = "1,2";
			};
			name = Debug;
		};
		4E7B808E282CEB9C0051E63C /* Release */ = {
			isa = XCBuildConfiguration;
			buildSettings = {
				ASSETCATALOG_COMPILER_APPICON_NAME = AppIcon;
				ASSETCATALOG_COMPILER_GLOBAL_ACCENT_COLOR_NAME = AccentColor;
				CODE_SIGN_STYLE = Automatic;
				DEVELOPMENT_ASSET_PATHS = "\"PhotoSwiftUI/Preview Content\"";
				DEVELOPMENT_TEAM = 2QV62YT6WV;
				ENABLE_PREVIEWS = YES;
				INFOPLIST_FILE = PhotoSwiftUI/Info.plist;
				IPHONEOS_DEPLOYMENT_TARGET = 14.0;
				LD_RUNPATH_SEARCH_PATHS = (
					"$(inherited)",
					"@executable_path/Frameworks",
				);
				PRODUCT_BUNDLE_IDENTIFIER = VinceVillanueva.PhotoSwiftUI;
				PRODUCT_NAME = "$(TARGET_NAME)";
				SWIFT_VERSION = 5.0;
				TARGETED_DEVICE_FAMILY = "1,2";
			};
			name = Release;
		};
/* End XCBuildConfiguration section */

/* Begin XCConfigurationList section */
		4E7B8078282CEB9A0051E63C /* Build configuration list for PBXProject "PhotoSwiftUI" */ = {
			isa = XCConfigurationList;
			buildConfigurations = (
				4E7B808A282CEB9C0051E63C /* Debug */,
				4E7B808B282CEB9C0051E63C /* Release */,
			);
			defaultConfigurationIsVisible = 0;
			defaultConfigurationName = Release;
		};
		4E7B808C282CEB9C0051E63C /* Build configuration list for PBXNativeTarget "PhotoSwiftUI" */ = {
			isa = XCConfigurationList;
			buildConfigurations = (
				4E7B808D282CEB9C0051E63C /* Debug */,
				4E7B808E282CEB9C0051E63C /* Release */,
			);
			defaultConfigurationIsVisible = 0;
			defaultConfigurationName = Release;
		};
/* End XCConfigurationList section */
	};
	rootObject = 4E7B8075282CEB9A0051E63C /* Project object */;
}
